{
  "requires": true,
  "lockfileVersion": 1,
  "dependencies": {
    "explain-error": {
      "version": "1.0.4",
      "resolved": "https://registry.npmjs.org/explain-error/-/explain-error-1.0.4.tgz",
      "integrity": "sha1-p5PTrAytTGq1cemWj7urbLJTKSk="
    },
    "looper": {
      "version": "3.0.0",
      "resolved": "https://registry.npmjs.org/looper/-/looper-3.0.0.tgz",
      "integrity": "sha1-LvpUw7HLq6m5Su4uWRSwvlf7t0k="
    },
    "muxrpc": {
      "version": "6.4.0",
      "resolved": "https://registry.npmjs.org/muxrpc/-/muxrpc-6.4.0.tgz",
      "integrity": "sha1-JPfaBpvUYpsHfpk7BXeUKyaI6ug=",
      "requires": {
        "explain-error": "1.0.4",
        "packet-stream": "2.0.4",
        "packet-stream-codec": "1.1.2",
        "pull-goodbye": "0.0.2",
        "pull-stream": "3.6.7"
      }
    },
    "packet-stream": {
      "version": "2.0.4",
      "resolved": "https://registry.npmjs.org/packet-stream/-/packet-stream-2.0.4.tgz",
      "integrity": "sha512-7+oxHdMMs6VhLvvbrDUc8QNuelE9fPKLDdToXBIKLPKOlnoBeMim+/35edp+AnFTLzk3xcogVvQ/jrZyyGsEiw=="
    },
    "packet-stream-codec": {
      "version": "1.1.2",
      "resolved": "https://registry.npmjs.org/packet-stream-codec/-/packet-stream-codec-1.1.2.tgz",
      "integrity": "sha1-ebMC/BRM37tKtv66cEDmpdmcecc=",
      "requires": {
        "pull-reader": "1.2.9",
        "pull-through": "1.0.18"
      }
    },
    "pull-goodbye": {
      "version": "0.0.2",
      "resolved": "https://registry.npmjs.org/pull-goodbye/-/pull-goodbye-0.0.2.tgz",
      "integrity": "sha1-jYNX21XiKnEN//DxaoyQtF7+QXE=",
      "requires": {
        "pull-stream": "3.5.0"
      },
      "dependencies": {
        "pull-stream": {
          "version": "3.5.0",
          "resolved": "https://registry.npmjs.org/pull-stream/-/pull-stream-3.5.0.tgz",
          "integrity": "sha1-HuW292/Ts6SaWvtt7VwDIKyzz8c="
        }
      }
    },
    "pull-reader": {
      "version": "1.2.9",
      "resolved": "https://registry.npmjs.org/pull-reader/-/pull-reader-1.2.9.tgz",
      "integrity": "sha1-0umtALz7VOYqpm1Cwtu8tetoQ7A="
    },
    "pull-stream": {
      "version": "3.6.7",
      "resolved": "https://registry.npmjs.org/pull-stream/-/pull-stream-3.6.7.tgz",
      "integrity": "sha512-XdE2/o1I2lK7A+sbbA/HjYnd5Xk7wL5CwAKzqHIgcBsluDb0LiKHNTl1K0it3/RKPshQljLf4kl1aJ12YsCCGQ=="
    },
    "pull-through": {
      "version": "1.0.18",
      "resolved": "https://registry.npmjs.org/pull-through/-/pull-through-1.0.18.tgz",
      "integrity": "sha1-jdYjFCY+Wc9Qlur7sSeitu8xBzU=",
      "requires": {
        "looper": "3.0.0"
      }
    },
    "stream-to-pull-stream": {
      "version": "1.7.2",
      "resolved": "https://registry.npmjs.org/stream-to-pull-stream/-/stream-to-pull-stream-1.7.2.tgz",
      "integrity": "sha1-dXYJrhzr0zx0MtSvvjH/eGULnd4=",
      "dev": true,
      "requires": {
        "looper": "3.0.0",
        "pull-stream": "3.6.7"
      }
    }
  }
}
